
Microsoft Visual Studio Solution File, Format Version 12.00
# Visual Studio Version 17
VisualStudioVersion = 17.0.32014.148
MinimumVisualStudioVersion = 10.0.40219.1
Project("{FAE04EC0-301F-11D3-BF4B-00C04F79EFBC}") = "GetStartedDebugging", "GetStartedDebugging\GetStartedDebugging.csproj", "{A6C90654-4BD7-45F3-B66B-DA1D455AAA2B}"
EndProject
Global
	GlobalSection(SolutionConfigurationPlatforms) = preSolution
		Debug|Any CPU = Debug|Any CPU
		Release|Any CPU = Release|Any CPU
	EndGlobalSection
	GlobalSection(ProjectConfigurationPlatforms) = postSolution
		{A6C90654-4BD7-45F3-B66B-DA1D455AAA2B}.Debug|Any CPU.ActiveCfg = Debug|Any CPU
		{A6C90654-4BD7-45F3-B66B-DA1D455AAA2B}.Debug|Any CPU.Build.0 = Debug|Any CPU
		{A6C90654-4BD7-45F3-B66B-DA1D455AAA2B}.Release|Any CPU.ActiveCfg = Release|Any CPU
		{A6C90654-4BD7-45F3-B66B-DA1D455AAA2B}.Release|Any CPU.Build.0 = Release|Any CPU
	EndGlobalSection
	GlobalSection(SolutionProperties) = preSolution
		HideSolutionNode = FALSE
	EndGlobalSection
	GlobalSection(ExtensibilityGlobals) = postSolution
		SolutionGuid = {946D3D66-0608-4325-9F86-8464F57614BD}
	EndGlobalSection
EndGlobal
